
Microsoft Visual Studio Solution File, Format Version 12.00
# Visual Studio Version 16
VisualStudioVersion = 16.0.32602.291
MinimumVisualStudioVersion = 10.0.40219.1
Project("{FAE04EC0-301F-11D3-BF4B-00C04F79EFBC}") = "Dapper-01", "Dapper-01\Dapper-01.csproj", "{3A405C44-B90A-4136-98AE-0647AA645926}"
EndProject
Global
	GlobalSection(SolutionConfigurationPlatforms) = preSolution
		Debug|Any CPU = Debug|Any CPU
		Release|Any CPU = Release|Any CPU
	EndGlobalSection
	GlobalSection(ProjectConfigurationPlatforms) = postSolution
		{3A405C44-B90A-4136-98AE-0647AA645926}.Debug|Any CPU.ActiveCfg = Debug|Any CPU
		{3A405C44-B90A-4136-98AE-0647AA645926}.Debug|Any CPU.Build.0 = Debug|Any CPU
		{3A405C44-B90A-4136-98AE-0647AA645926}.Release|Any CPU.ActiveCfg = Release|Any CPU
		{3A405C44-B90A-4136-98AE-0647AA645926}.Release|Any CPU.Build.0 = Release|Any CPU
	EndGlobalSection
	GlobalSection(SolutionProperties) = preSolution
		HideSolutionNode = FALSE
	EndGlobalSection
	GlobalSection(ExtensibilityGlobals) = postSolution
		SolutionGuid = {1E6A718F-A27B-489D-8305-F8BB61BCDA7F}
	EndGlobalSection
EndGlobal
