
Microsoft Visual Studio Solution File, Format Version 12.00
# Visual Studio Version 16
VisualStudioVersion = 16.0.32602.291
MinimumVisualStudioVersion = 10.0.40219.1
Project("{FAE04EC0-301F-11D3-BF4B-00C04F79EFBC}") = "ADO-NET-Introduction", "ADO-NET-Introduction\ADO-NET-Introduction.csproj", "{28A31F27-DA79-4C87-8A05-908D2A03C9E4}"
EndProject
Global
	GlobalSection(SolutionConfigurationPlatforms) = preSolution
		Debug|Any CPU = Debug|Any CPU
		Release|Any CPU = Release|Any CPU
	EndGlobalSection
	GlobalSection(ProjectConfigurationPlatforms) = postSolution
		{28A31F27-DA79-4C87-8A05-908D2A03C9E4}.Debug|Any CPU.ActiveCfg = Debug|Any CPU
		{28A31F27-DA79-4C87-8A05-908D2A03C9E4}.Debug|Any CPU.Build.0 = Debug|Any CPU
		{28A31F27-DA79-4C87-8A05-908D2A03C9E4}.Release|Any CPU.ActiveCfg = Release|Any CPU
		{28A31F27-DA79-4C87-8A05-908D2A03C9E4}.Release|Any CPU.Build.0 = Release|Any CPU
	EndGlobalSection
	GlobalSection(SolutionProperties) = preSolution
		HideSolutionNode = FALSE
	EndGlobalSection
	GlobalSection(ExtensibilityGlobals) = postSolution
		SolutionGuid = {7E95A428-1AF8-4065-8FC5-114A91BF845F}
	EndGlobalSection
EndGlobal
