
Microsoft Visual Studio Solution File, Format Version 12.00
# Visual Studio Version 16
VisualStudioVersion = 16.0.32602.291
MinimumVisualStudioVersion = 10.0.40219.1
Project("{FAE04EC0-301F-11D3-BF4B-00C04F79EFBC}") = "Dapper-12", "Dapper-12\Dapper-12.csproj", "{27DA3591-AD0E-4C5F-AB8A-860C350F5ECB}"
EndProject
Global
	GlobalSection(SolutionConfigurationPlatforms) = preSolution
		Debug|Any CPU = Debug|Any CPU
		Release|Any CPU = Release|Any CPU
	EndGlobalSection
	GlobalSection(ProjectConfigurationPlatforms) = postSolution
		{27DA3591-AD0E-4C5F-AB8A-860C350F5ECB}.Debug|Any CPU.ActiveCfg = Debug|Any CPU
		{27DA3591-AD0E-4C5F-AB8A-860C350F5ECB}.Debug|Any CPU.Build.0 = Debug|Any CPU
		{27DA3591-AD0E-4C5F-AB8A-860C350F5ECB}.Release|Any CPU.ActiveCfg = Release|Any CPU
		{27DA3591-AD0E-4C5F-AB8A-860C350F5ECB}.Release|Any CPU.Build.0 = Release|Any CPU
	EndGlobalSection
	GlobalSection(SolutionProperties) = preSolution
		HideSolutionNode = FALSE
	EndGlobalSection
	GlobalSection(ExtensibilityGlobals) = postSolution
		SolutionGuid = {08B50802-DA5B-4EED-8DA8-A7D0D04F6A48}
	EndGlobalSection
EndGlobal
