
Microsoft Visual Studio Solution File, Format Version 12.00
# Visual Studio Version 16
VisualStudioVersion = 16.0.30717.126
MinimumVisualStudioVersion = 10.0.40219.1
Project("{FAE04EC0-301F-11D3-BF4B-00C04F79EFBC}") = "FileStream-and-StreamReader-02", "FileStream-and-StreamReader-02\FileStream-and-StreamReader-02.csproj", "{EDEE8BA9-4794-473B-8CE5-EC5CB47E2CA7}"
EndProject
Global
	GlobalSection(SolutionConfigurationPlatforms) = preSolution
		Debug|Any CPU = Debug|Any CPU
		Release|Any CPU = Release|Any CPU
	EndGlobalSection
	GlobalSection(ProjectConfigurationPlatforms) = postSolution
		{EDEE8BA9-4794-473B-8CE5-EC5CB47E2CA7}.Debug|Any CPU.ActiveCfg = Debug|Any CPU
		{EDEE8BA9-4794-473B-8CE5-EC5CB47E2CA7}.Debug|Any CPU.Build.0 = Debug|Any CPU
		{EDEE8BA9-4794-473B-8CE5-EC5CB47E2CA7}.Release|Any CPU.ActiveCfg = Release|Any CPU
		{EDEE8BA9-4794-473B-8CE5-EC5CB47E2CA7}.Release|Any CPU.Build.0 = Release|Any CPU
	EndGlobalSection
	GlobalSection(SolutionProperties) = preSolution
		HideSolutionNode = FALSE
	EndGlobalSection
	GlobalSection(ExtensibilityGlobals) = postSolution
		SolutionGuid = {B571B7A3-D63A-402D-8814-3FB9D175475A}
	EndGlobalSection
EndGlobal
