
Microsoft Visual Studio Solution File, Format Version 12.00
# Visual Studio Version 16
VisualStudioVersion = 16.0.30717.126
MinimumVisualStudioVersion = 10.0.40219.1
Project("{FAE04EC0-301F-11D3-BF4B-00C04F79EFBC}") = "Delegates-03", "Delegates-03\Delegates-03.csproj", "{BC96F5FA-7F22-4D7A-B93E-22C963074159}"
EndProject
Global
	GlobalSection(SolutionConfigurationPlatforms) = preSolution
		Debug|Any CPU = Debug|Any CPU
		Release|Any CPU = Release|Any CPU
	EndGlobalSection
	GlobalSection(ProjectConfigurationPlatforms) = postSolution
		{BC96F5FA-7F22-4D7A-B93E-22C963074159}.Debug|Any CPU.ActiveCfg = Debug|Any CPU
		{BC96F5FA-7F22-4D7A-B93E-22C963074159}.Debug|Any CPU.Build.0 = Debug|Any CPU
		{BC96F5FA-7F22-4D7A-B93E-22C963074159}.Release|Any CPU.ActiveCfg = Release|Any CPU
		{BC96F5FA-7F22-4D7A-B93E-22C963074159}.Release|Any CPU.Build.0 = Release|Any CPU
	EndGlobalSection
	GlobalSection(SolutionProperties) = preSolution
		HideSolutionNode = FALSE
	EndGlobalSection
	GlobalSection(ExtensibilityGlobals) = postSolution
		SolutionGuid = {A3466973-8D0A-41BA-A38C-5B833E4EBB74}
	EndGlobalSection
EndGlobal
