
Microsoft Visual Studio Solution File, Format Version 12.00
# Visual Studio Version 16
VisualStudioVersion = 16.0.30717.126
MinimumVisualStudioVersion = 10.0.40219.1
Project("{FAE04EC0-301F-11D3-BF4B-00C04F79EFBC}") = "Comparison-t-demo", "Comparison-t-demo\Comparison-t-demo.csproj", "{0FD3947E-7E02-4BDD-91C8-A5D186FF015F}"
EndProject
Global
	GlobalSection(SolutionConfigurationPlatforms) = preSolution
		Debug|Any CPU = Debug|Any CPU
		Release|Any CPU = Release|Any CPU
	EndGlobalSection
	GlobalSection(ProjectConfigurationPlatforms) = postSolution
		{0FD3947E-7E02-4BDD-91C8-A5D186FF015F}.Debug|Any CPU.ActiveCfg = Debug|Any CPU
		{0FD3947E-7E02-4BDD-91C8-A5D186FF015F}.Debug|Any CPU.Build.0 = Debug|Any CPU
		{0FD3947E-7E02-4BDD-91C8-A5D186FF015F}.Release|Any CPU.ActiveCfg = Release|Any CPU
		{0FD3947E-7E02-4BDD-91C8-A5D186FF015F}.Release|Any CPU.Build.0 = Release|Any CPU
	EndGlobalSection
	GlobalSection(SolutionProperties) = preSolution
		HideSolutionNode = FALSE
	EndGlobalSection
	GlobalSection(ExtensibilityGlobals) = postSolution
		SolutionGuid = {D9AB2D90-F363-4160-93FB-B8FB101C110B}
	EndGlobalSection
EndGlobal
