
Microsoft Visual Studio Solution File, Format Version 12.00
# Visual Studio Version 16
VisualStudioVersion = 16.0.30717.126
MinimumVisualStudioVersion = 10.0.40219.1
Project("{FAE04EC0-301F-11D3-BF4B-00C04F79EFBC}") = "Linq-01", "Linq-01\Linq-01.csproj", "{37E33509-B7ED-4BCB-A367-A82D67207CA6}"
EndProject
Global
	GlobalSection(SolutionConfigurationPlatforms) = preSolution
		Debug|Any CPU = Debug|Any CPU
		Release|Any CPU = Release|Any CPU
	EndGlobalSection
	GlobalSection(ProjectConfigurationPlatforms) = postSolution
		{37E33509-B7ED-4BCB-A367-A82D67207CA6}.Debug|Any CPU.ActiveCfg = Debug|Any CPU
		{37E33509-B7ED-4BCB-A367-A82D67207CA6}.Debug|Any CPU.Build.0 = Debug|Any CPU
		{37E33509-B7ED-4BCB-A367-A82D67207CA6}.Release|Any CPU.ActiveCfg = Release|Any CPU
		{37E33509-B7ED-4BCB-A367-A82D67207CA6}.Release|Any CPU.Build.0 = Release|Any CPU
	EndGlobalSection
	GlobalSection(SolutionProperties) = preSolution
		HideSolutionNode = FALSE
	EndGlobalSection
	GlobalSection(ExtensibilityGlobals) = postSolution
		SolutionGuid = {C7B3BB1E-5CF9-4BD5-818E-D4FD5416B4CD}
	EndGlobalSection
EndGlobal
