
Microsoft Visual Studio Solution File, Format Version 12.00
# Visual Studio Version 16
VisualStudioVersion = 16.0.30717.126
MinimumVisualStudioVersion = 10.0.40219.1
Project("{FAE04EC0-301F-11D3-BF4B-00C04F79EFBC}") = "Linq-03", "Linq-03\Linq-03.csproj", "{0F1BC253-F7CD-485D-A85A-2D712F58747A}"
EndProject
Global
	GlobalSection(SolutionConfigurationPlatforms) = preSolution
		Debug|Any CPU = Debug|Any CPU
		Release|Any CPU = Release|Any CPU
	EndGlobalSection
	GlobalSection(ProjectConfigurationPlatforms) = postSolution
		{0F1BC253-F7CD-485D-A85A-2D712F58747A}.Debug|Any CPU.ActiveCfg = Debug|Any CPU
		{0F1BC253-F7CD-485D-A85A-2D712F58747A}.Debug|Any CPU.Build.0 = Debug|Any CPU
		{0F1BC253-F7CD-485D-A85A-2D712F58747A}.Release|Any CPU.ActiveCfg = Release|Any CPU
		{0F1BC253-F7CD-485D-A85A-2D712F58747A}.Release|Any CPU.Build.0 = Release|Any CPU
	EndGlobalSection
	GlobalSection(SolutionProperties) = preSolution
		HideSolutionNode = FALSE
	EndGlobalSection
	GlobalSection(ExtensibilityGlobals) = postSolution
		SolutionGuid = {8911840C-26F4-4993-8A76-E667032F7C5F}
	EndGlobalSection
EndGlobal
