
Microsoft Visual Studio Solution File, Format Version 12.00
# Visual Studio Version 16
VisualStudioVersion = 16.0.32602.291
MinimumVisualStudioVersion = 10.0.40219.1
Project("{FAE04EC0-301F-11D3-BF4B-00C04F79EFBC}") = "Dapper-13", "Dapper-13\Dapper-13.csproj", "{395FBC5D-F359-4B64-9B4A-BA60732912D3}"
EndProject
Global
	GlobalSection(SolutionConfigurationPlatforms) = preSolution
		Debug|Any CPU = Debug|Any CPU
		Release|Any CPU = Release|Any CPU
	EndGlobalSection
	GlobalSection(ProjectConfigurationPlatforms) = postSolution
		{395FBC5D-F359-4B64-9B4A-BA60732912D3}.Debug|Any CPU.ActiveCfg = Debug|Any CPU
		{395FBC5D-F359-4B64-9B4A-BA60732912D3}.Debug|Any CPU.Build.0 = Debug|Any CPU
		{395FBC5D-F359-4B64-9B4A-BA60732912D3}.Release|Any CPU.ActiveCfg = Release|Any CPU
		{395FBC5D-F359-4B64-9B4A-BA60732912D3}.Release|Any CPU.Build.0 = Release|Any CPU
	EndGlobalSection
	GlobalSection(SolutionProperties) = preSolution
		HideSolutionNode = FALSE
	EndGlobalSection
	GlobalSection(ExtensibilityGlobals) = postSolution
		SolutionGuid = {D4746A48-03D1-4280-AFBC-34ED3EEC0010}
	EndGlobalSection
EndGlobal
