
Microsoft Visual Studio Solution File, Format Version 12.00
# Visual Studio Version 16
VisualStudioVersion = 16.0.30717.126
MinimumVisualStudioVersion = 10.0.40219.1
Project("{FAE04EC0-301F-11D3-BF4B-00C04F79EFBC}") = "Extension-methods-02", "Extension-methods-02\Extension-methods-02.csproj", "{20B21DE0-C3EB-4A30-B98F-FE53243991FF}"
EndProject
Global
	GlobalSection(SolutionConfigurationPlatforms) = preSolution
		Debug|Any CPU = Debug|Any CPU
		Release|Any CPU = Release|Any CPU
	EndGlobalSection
	GlobalSection(ProjectConfigurationPlatforms) = postSolution
		{20B21DE0-C3EB-4A30-B98F-FE53243991FF}.Debug|Any CPU.ActiveCfg = Debug|Any CPU
		{20B21DE0-C3EB-4A30-B98F-FE53243991FF}.Debug|Any CPU.Build.0 = Debug|Any CPU
		{20B21DE0-C3EB-4A30-B98F-FE53243991FF}.Release|Any CPU.ActiveCfg = Release|Any CPU
		{20B21DE0-C3EB-4A30-B98F-FE53243991FF}.Release|Any CPU.Build.0 = Release|Any CPU
	EndGlobalSection
	GlobalSection(SolutionProperties) = preSolution
		HideSolutionNode = FALSE
	EndGlobalSection
	GlobalSection(ExtensibilityGlobals) = postSolution
		SolutionGuid = {CFABDA94-679D-4B97-A6C7-FFB48094A644}
	EndGlobalSection
EndGlobal
